
Microsoft Visual Studio Solution File, Format Version 12.00
# Visual Studio Version 16
VisualStudioVersion = 16.0.29403.142
MinimumVisualStudioVersion = 10.0.40219.1
Project("{FAE04EC0-301F-11D3-BF4B-00C04F79EFBC}") = "Ordenar un arreglo mediante generico", "Ordenar un arreglo mediante generico\Ordenar un arreglo mediante generico.csproj", "{6FF634D0-7B79-4637-80A4-F2D44A6FD05C}"
EndProject
Global
	GlobalSection(SolutionConfigurationPlatforms) = preSolution
		Debug|Any CPU = Debug|Any CPU
		Release|Any CPU = Release|Any CPU
	EndGlobalSection
	GlobalSection(ProjectConfigurationPlatforms) = postSolution
		{6FF634D0-7B79-4637-80A4-F2D44A6FD05C}.Debug|Any CPU.ActiveCfg = Debug|Any CPU
		{6FF634D0-7B79-4637-80A4-F2D44A6FD05C}.Debug|Any CPU.Build.0 = Debug|Any CPU
		{6FF634D0-7B79-4637-80A4-F2D44A6FD05C}.Release|Any CPU.ActiveCfg = Release|Any CPU
		{6FF634D0-7B79-4637-80A4-F2D44A6FD05C}.Release|Any CPU.Build.0 = Release|Any CPU
	EndGlobalSection
	GlobalSection(SolutionProperties) = preSolution
		HideSolutionNode = FALSE
	EndGlobalSection
	GlobalSection(ExtensibilityGlobals) = postSolution
		SolutionGuid = {FF51F34F-ED11-405B-B4E6-6302BC46E8A1}
	EndGlobalSection
EndGlobal
