
Microsoft Visual Studio Solution File, Format Version 12.00
# Visual Studio Version 16
VisualStudioVersion = 16.0.30204.135
MinimumVisualStudioVersion = 10.0.40219.1
Project("{FAE04EC0-301F-11D3-BF4B-00C04F79EFBC}") = "Pregunta3", "Pregunta3\Pregunta3.csproj", "{71186C4A-76E3-4BCA-874B-BA5DFC2B3FFD}"
EndProject
Global
	GlobalSection(SolutionConfigurationPlatforms) = preSolution
		Debug|Any CPU = Debug|Any CPU
		Release|Any CPU = Release|Any CPU
	EndGlobalSection
	GlobalSection(ProjectConfigurationPlatforms) = postSolution
		{71186C4A-76E3-4BCA-874B-BA5DFC2B3FFD}.Debug|Any CPU.ActiveCfg = Debug|Any CPU
		{71186C4A-76E3-4BCA-874B-BA5DFC2B3FFD}.Debug|Any CPU.Build.0 = Debug|Any CPU
		{71186C4A-76E3-4BCA-874B-BA5DFC2B3FFD}.Debug|Any CPU.Deploy.0 = Debug|Any CPU
		{71186C4A-76E3-4BCA-874B-BA5DFC2B3FFD}.Release|Any CPU.ActiveCfg = Release|Any CPU
		{71186C4A-76E3-4BCA-874B-BA5DFC2B3FFD}.Release|Any CPU.Build.0 = Release|Any CPU
		{71186C4A-76E3-4BCA-874B-BA5DFC2B3FFD}.Release|Any CPU.Deploy.0 = Release|Any CPU
	EndGlobalSection
	GlobalSection(SolutionProperties) = preSolution
		HideSolutionNode = FALSE
	EndGlobalSection
	GlobalSection(ExtensibilityGlobals) = postSolution
		SolutionGuid = {3DD9D5E7-036B-4791-8009-AFFBDBF9B1CA}
	EndGlobalSection
EndGlobal
