
Microsoft Visual Studio Solution File, Format Version 12.00
# Visual Studio Version 16
VisualStudioVersion = 16.0.29418.71
MinimumVisualStudioVersion = 10.0.40219.1
Project("{FAE04EC0-301F-11D3-BF4B-00C04F79EFBC}") = "Examen de Primer Semestre 3", "Examen de Primer Semestre 3\Examen de Primer Semestre 3.csproj", "{A7D44C9C-AC26-489F-B905-2087BF34CECF}"
EndProject
Global
	GlobalSection(SolutionConfigurationPlatforms) = preSolution
		Debug|Any CPU = Debug|Any CPU
		Release|Any CPU = Release|Any CPU
	EndGlobalSection
	GlobalSection(ProjectConfigurationPlatforms) = postSolution
		{A7D44C9C-AC26-489F-B905-2087BF34CECF}.Debug|Any CPU.ActiveCfg = Debug|Any CPU
		{A7D44C9C-AC26-489F-B905-2087BF34CECF}.Debug|Any CPU.Build.0 = Debug|Any CPU
		{A7D44C9C-AC26-489F-B905-2087BF34CECF}.Release|Any CPU.ActiveCfg = Release|Any CPU
		{A7D44C9C-AC26-489F-B905-2087BF34CECF}.Release|Any CPU.Build.0 = Release|Any CPU
	EndGlobalSection
	GlobalSection(SolutionProperties) = preSolution
		HideSolutionNode = FALSE
	EndGlobalSection
	GlobalSection(ExtensibilityGlobals) = postSolution
		SolutionGuid = {C5265A58-1C8B-44EC-B348-9F7EB1407A88}
	EndGlobalSection
EndGlobal
