
Microsoft Visual Studio Solution File, Format Version 12.00
# Visual Studio Version 16
VisualStudioVersion = 16.0.30128.74
MinimumVisualStudioVersion = 10.0.40219.1
Project("{FAE04EC0-301F-11D3-BF4B-00C04F79EFBC}") = "Operacion - Xamarin", "Operacion - Xamarin\Operacion - Xamarin.csproj", "{77D4FF48-A963-40BD-861A-7D3414A85088}"
EndProject
Global
	GlobalSection(SolutionConfigurationPlatforms) = preSolution
		Debug|Any CPU = Debug|Any CPU
		Release|Any CPU = Release|Any CPU
	EndGlobalSection
	GlobalSection(ProjectConfigurationPlatforms) = postSolution
		{77D4FF48-A963-40BD-861A-7D3414A85088}.Debug|Any CPU.ActiveCfg = Debug|Any CPU
		{77D4FF48-A963-40BD-861A-7D3414A85088}.Debug|Any CPU.Build.0 = Debug|Any CPU
		{77D4FF48-A963-40BD-861A-7D3414A85088}.Debug|Any CPU.Deploy.0 = Debug|Any CPU
		{77D4FF48-A963-40BD-861A-7D3414A85088}.Release|Any CPU.ActiveCfg = Release|Any CPU
		{77D4FF48-A963-40BD-861A-7D3414A85088}.Release|Any CPU.Build.0 = Release|Any CPU
		{77D4FF48-A963-40BD-861A-7D3414A85088}.Release|Any CPU.Deploy.0 = Release|Any CPU
	EndGlobalSection
	GlobalSection(SolutionProperties) = preSolution
		HideSolutionNode = FALSE
	EndGlobalSection
	GlobalSection(ExtensibilityGlobals) = postSolution
		SolutionGuid = {A31B6B61-5A1B-4C82-B57B-B206D8A65BBC}
	EndGlobalSection
EndGlobal
