
Microsoft Visual Studio Solution File, Format Version 12.00
# Visual Studio Version 16
VisualStudioVersion = 16.0.30128.74
MinimumVisualStudioVersion = 10.0.40219.1
Project("{FAE04EC0-301F-11D3-BF4B-00C04F79EFBC}") = "OperacionesCliente", "OperacionesCliente\OperacionesCliente.csproj", "{129384D6-36F7-4EDD-975B-CF9B5704FE7E}"
EndProject
Global
	GlobalSection(SolutionConfigurationPlatforms) = preSolution
		Debug|Any CPU = Debug|Any CPU
		Release|Any CPU = Release|Any CPU
	EndGlobalSection
	GlobalSection(ProjectConfigurationPlatforms) = postSolution
		{129384D6-36F7-4EDD-975B-CF9B5704FE7E}.Debug|Any CPU.ActiveCfg = Debug|Any CPU
		{129384D6-36F7-4EDD-975B-CF9B5704FE7E}.Debug|Any CPU.Build.0 = Debug|Any CPU
		{129384D6-36F7-4EDD-975B-CF9B5704FE7E}.Release|Any CPU.ActiveCfg = Release|Any CPU
		{129384D6-36F7-4EDD-975B-CF9B5704FE7E}.Release|Any CPU.Build.0 = Release|Any CPU
	EndGlobalSection
	GlobalSection(SolutionProperties) = preSolution
		HideSolutionNode = FALSE
	EndGlobalSection
	GlobalSection(ExtensibilityGlobals) = postSolution
		SolutionGuid = {81F3BF33-1EF5-4BE1-AEDA-FABE63175D65}
	EndGlobalSection
EndGlobal
