
Microsoft Visual Studio Solution File, Format Version 12.00
# Visual Studio Version 16
VisualStudioVersion = 16.0.29806.167
MinimumVisualStudioVersion = 10.0.40219.1
Project("{FAE04EC0-301F-11D3-BF4B-00C04F79EFBC}") = "Metodos de Ordenamiento", "Metodos de Ordenamiento\Metodos de Ordenamiento.csproj", "{C8F97915-FFDB-4658-9BB7-C26AEFCB6BEE}"
EndProject
Global
	GlobalSection(SolutionConfigurationPlatforms) = preSolution
		Debug|Any CPU = Debug|Any CPU
		Release|Any CPU = Release|Any CPU
	EndGlobalSection
	GlobalSection(ProjectConfigurationPlatforms) = postSolution
		{C8F97915-FFDB-4658-9BB7-C26AEFCB6BEE}.Debug|Any CPU.ActiveCfg = Debug|Any CPU
		{C8F97915-FFDB-4658-9BB7-C26AEFCB6BEE}.Debug|Any CPU.Build.0 = Debug|Any CPU
		{C8F97915-FFDB-4658-9BB7-C26AEFCB6BEE}.Release|Any CPU.ActiveCfg = Release|Any CPU
		{C8F97915-FFDB-4658-9BB7-C26AEFCB6BEE}.Release|Any CPU.Build.0 = Release|Any CPU
	EndGlobalSection
	GlobalSection(SolutionProperties) = preSolution
		HideSolutionNode = FALSE
	EndGlobalSection
	GlobalSection(ExtensibilityGlobals) = postSolution
		SolutionGuid = {AA84CDFC-C1C3-461C-9D28-2D4875865181}
	EndGlobalSection
EndGlobal
