
Microsoft Visual Studio Solution File, Format Version 12.00
# Visual Studio Version 16
VisualStudioVersion = 16.0.30204.135
MinimumVisualStudioVersion = 10.0.40219.1
Project("{FAE04EC0-301F-11D3-BF4B-00C04F79EFBC}") = "BibliotecaCliente", "BibliotecaCliente\BibliotecaCliente.csproj", "{06B7CDE3-7326-4F5C-BA4C-ED4635A02421}"
EndProject
Global
	GlobalSection(SolutionConfigurationPlatforms) = preSolution
		Debug|Any CPU = Debug|Any CPU
		Release|Any CPU = Release|Any CPU
	EndGlobalSection
	GlobalSection(ProjectConfigurationPlatforms) = postSolution
		{06B7CDE3-7326-4F5C-BA4C-ED4635A02421}.Debug|Any CPU.ActiveCfg = Debug|Any CPU
		{06B7CDE3-7326-4F5C-BA4C-ED4635A02421}.Debug|Any CPU.Build.0 = Debug|Any CPU
		{06B7CDE3-7326-4F5C-BA4C-ED4635A02421}.Release|Any CPU.ActiveCfg = Release|Any CPU
		{06B7CDE3-7326-4F5C-BA4C-ED4635A02421}.Release|Any CPU.Build.0 = Release|Any CPU
	EndGlobalSection
	GlobalSection(SolutionProperties) = preSolution
		HideSolutionNode = FALSE
	EndGlobalSection
	GlobalSection(ExtensibilityGlobals) = postSolution
		SolutionGuid = {B03949A9-4FE7-434F-972A-B1941CBEFDB2}
	EndGlobalSection
EndGlobal
